
Microsoft Visual Studio Solution File, Format Version 12.00
# Visual Studio Version 17
VisualStudioVersion = 17.4.33110.190
MinimumVisualStudioVersion = 10.0.40219.1
Project("{8BC9CEB8-8B4A-11D0-8D11-00A0C91BC942}") = "MobinogiAutoClick", "MobinogiAutoClick.vcxproj", "{4E85E5A8-8A5B-DFE3-BF0B-6A4B25BB0C98}"
EndProject
Global
	GlobalSection(SolutionConfigurationPlatforms) = preSolution
		Debug|ARM64 = Debug|ARM64
		Debug|x64 = Debug|x64
		Release|ARM64 = Release|ARM64
		Release|x64 = Release|x64
	EndGlobalSection
	GlobalSection(ProjectConfigurationPlatforms) = postSolution
		{4E85E5A8-8A5B-DFE3-BF0B-6A4B25BB0C98}.Debug|ARM64.ActiveCfg = Debug|ARM64
		{4E85E5A8-8A5B-DFE3-BF0B-6A4B25BB0C98}.Debug|ARM64.Build.0 = Debug|ARM64
		{4E85E5A8-8A5B-DFE3-BF0B-6A4B25BB0C98}.Debug|ARM64.Deploy.0 = Debug|ARM64
		{4E85E5A8-8A5B-DFE3-BF0B-6A4B25BB0C98}.Debug|x64.ActiveCfg = Debug|x64
		{4E85E5A8-8A5B-DFE3-BF0B-6A4B25BB0C98}.Debug|x64.Build.0 = Debug|x64
		{4E85E5A8-8A5B-DFE3-BF0B-6A4B25BB0C98}.Debug|x64.Deploy.0 = Debug|x64
		{4E85E5A8-8A5B-DFE3-BF0B-6A4B25BB0C98}.Release|ARM64.ActiveCfg = Release|ARM64
		{4E85E5A8-8A5B-DFE3-BF0B-6A4B25BB0C98}.Release|ARM64.Build.0 = Release|ARM64
		{4E85E5A8-8A5B-DFE3-BF0B-6A4B25BB0C98}.Release|ARM64.Deploy.0 = Release|ARM64
		{4E85E5A8-8A5B-DFE3-BF0B-6A4B25BB0C98}.Release|x64.ActiveCfg = Release|x64
		{4E85E5A8-8A5B-DFE3-BF0B-6A4B25BB0C98}.Release|x64.Build.0 = Release|x64
		{4E85E5A8-8A5B-DFE3-BF0B-6A4B25BB0C98}.Release|x64.Deploy.0 = Release|x64
	EndGlobalSection
	GlobalSection(SolutionProperties) = preSolution
		HideSolutionNode = FALSE
	EndGlobalSection
	GlobalSection(ExtensibilityGlobals) = postSolution
		SolutionGuid = {F9B73C37-7DB9-4964-86E5-2AFB1D2B976C}
	EndGlobalSection
EndGlobal
